
Microsoft Visual Studio Solution File, Format Version 12.00
# Visual Studio Version 16
VisualStudioVersion = 16.0.30804.86
MinimumVisualStudioVersion = 10.0.40219.1
Project("{FAE04EC0-301F-11D3-BF4B-00C04F79EFBC}") = "Threads_and_cicles", "Threads_and_cicles.csproj", "{7CE0ABB0-BEB2-41E1-9971-7A7EACB0C01A}"
EndProject
Global
	GlobalSection(SolutionConfigurationPlatforms) = preSolution
		Debug|Any CPU = Debug|Any CPU
		Release|Any CPU = Release|Any CPU
	EndGlobalSection
	GlobalSection(ProjectConfigurationPlatforms) = postSolution
		{7CE0ABB0-BEB2-41E1-9971-7A7EACB0C01A}.Debug|Any CPU.ActiveCfg = Debug|Any CPU
		{7CE0ABB0-BEB2-41E1-9971-7A7EACB0C01A}.Debug|Any CPU.Build.0 = Debug|Any CPU
		{7CE0ABB0-BEB2-41E1-9971-7A7EACB0C01A}.Release|Any CPU.ActiveCfg = Release|Any CPU
		{7CE0ABB0-BEB2-41E1-9971-7A7EACB0C01A}.Release|Any CPU.Build.0 = Release|Any CPU
	EndGlobalSection
	GlobalSection(SolutionProperties) = preSolution
		HideSolutionNode = FALSE
	EndGlobalSection
	GlobalSection(ExtensibilityGlobals) = postSolution
		SolutionGuid = {D917BEDC-B04F-4430-A272-9E4B2876F115}
	EndGlobalSection
EndGlobal
